
Microsoft Visual Studio Solution File, Format Version 12.00
# Visual Studio Version 16
VisualStudioVersion = 25.0.1703.0
MinimumVisualStudioVersion = 10.0.40219.1
Project("{FAE04EC0-301F-11D3-BF4B-00C04F79EFBC}") = "Snowflake.Core", "Snowflake.Core\Snowflake.Core.csproj", "{EE9882BA-31AB-4CF8-AC2D-4C702C9EA6B3}"
EndProject
Project("{FAE04EC0-301F-11D3-BF4B-00C04F79EFBC}") = "Snowflake.Data", "Snowflake.Data\Snowflake.Data.csproj", "{C808D80A-7D36-4BB3-8E72-2F0AC47DCF5F}"
EndProject
Project("{FAE04EC0-301F-11D3-BF4B-00C04F79EFBC}") = "Snowflake.Services", "Snowflake.Services\Snowflake.Services.csproj", "{2460AB14-CF74-46D3-A6D5-F24A1EE4D17D}"
EndProject
Project("{FAE04EC0-301F-11D3-BF4B-00C04F79EFBC}") = "Snowflake.Web", "Snowflake.Web\Snowflake.Web.csproj", "{EA2B2FB5-DEB5-48CC-8D4C-A994806D8CD7}"
EndProject
Global
	GlobalSection(SolutionConfigurationPlatforms) = preSolution
		Debug|Any CPU = Debug|Any CPU
		Release|Any CPU = Release|Any CPU
	EndGlobalSection
	GlobalSection(ProjectConfigurationPlatforms) = postSolution
		{EE9882BA-31AB-4CF8-AC2D-4C702C9EA6B3}.Debug|Any CPU.ActiveCfg = Debug|Any CPU
		{EE9882BA-31AB-4CF8-AC2D-4C702C9EA6B3}.Debug|Any CPU.Build.0 = Debug|Any CPU
		{EE9882BA-31AB-4CF8-AC2D-4C702C9EA6B3}.Release|Any CPU.ActiveCfg = Release|Any CPU
		{EE9882BA-31AB-4CF8-AC2D-4C702C9EA6B3}.Release|Any CPU.Build.0 = Release|Any CPU
		{C808D80A-7D36-4BB3-8E72-2F0AC47DCF5F}.Debug|Any CPU.ActiveCfg = Debug|Any CPU
		{C808D80A-7D36-4BB3-8E72-2F0AC47DCF5F}.Debug|Any CPU.Build.0 = Debug|Any CPU
		{C808D80A-7D36-4BB3-8E72-2F0AC47DCF5F}.Release|Any CPU.ActiveCfg = Release|Any CPU
		{C808D80A-7D36-4BB3-8E72-2F0AC47DCF5F}.Release|Any CPU.Build.0 = Release|Any CPU
		{2460AB14-CF74-46D3-A6D5-F24A1EE4D17D}.Debug|Any CPU.ActiveCfg = Debug|Any CPU
		{2460AB14-CF74-46D3-A6D5-F24A1EE4D17D}.Debug|Any CPU.Build.0 = Debug|Any CPU
		{2460AB14-CF74-46D3-A6D5-F24A1EE4D17D}.Release|Any CPU.ActiveCfg = Release|Any CPU
		{2460AB14-CF74-46D3-A6D5-F24A1EE4D17D}.Release|Any CPU.Build.0 = Release|Any CPU
		{EA2B2FB5-DEB5-48CC-8D4C-A994806D8CD7}.Debug|Any CPU.ActiveCfg = Debug|Any CPU
		{EA2B2FB5-DEB5-48CC-8D4C-A994806D8CD7}.Debug|Any CPU.Build.0 = Debug|Any CPU
		{EA2B2FB5-DEB5-48CC-8D4C-A994806D8CD7}.Release|Any CPU.ActiveCfg = Release|Any CPU
		{EA2B2FB5-DEB5-48CC-8D4C-A994806D8CD7}.Release|Any CPU.Build.0 = Release|Any CPU
	EndGlobalSection
	GlobalSection(SolutionProperties) = preSolution
		HideSolutionNode = FALSE
	EndGlobalSection
	GlobalSection(ExtensibilityGlobals) = postSolution
		SolutionGuid = {790E22A8-B16F-47C0-A691-F2ADCA7E2AC8}
	EndGlobalSection
EndGlobal
